
Microsoft Visual Studio Solution File, Format Version 12.00
# Visual Studio 14
VisualStudioVersion = 14.0.25420.1
MinimumVisualStudioVersion = 10.0.40219.1
Project("{FAE04EC0-301F-11D3-BF4B-00C04F79EFBC}") = "BeanCounter.TestApp", "BeanCounter.TestApp\BeanCounter.TestApp.csproj", "{82C15B6F-19BF-4E12-87C4-F2798902D25D}"
EndProject
Project("{FAE04EC0-301F-11D3-BF4B-00C04F79EFBC}") = "BeanCounter.Base", "BeanCounter.Base\BeanCounter.Base.csproj", "{7A1680E7-7FA0-49CC-A29B-92035E075B0C}"
EndProject
Project("{FAE04EC0-301F-11D3-BF4B-00C04F79EFBC}") = "BeanCounter.Calculator", "BeanCounter.Calculator\BeanCounter.Calculator.csproj", "{80BC0D23-581C-47DA-BAB0-FB4F45BCDC10}"
EndProject
Project("{FAE04EC0-301F-11D3-BF4B-00C04F79EFBC}") = "BeanCounter.Calculator.Services", "BeanCounter.Calculator.Services\BeanCounter.Calculator.Services.csproj", "{EBB2ED0C-017C-468C-9BBA-5DA8B91137F5}"
EndProject
Project("{FAE04EC0-301F-11D3-BF4B-00C04F79EFBC}") = "BeanCounter.Calculator.Test", "BeanCounter.Calculator.Test\BeanCounter.Calculator.Test.csproj", "{0E2B05C9-2331-4888-9F39-65F83320D653}"
EndProject
Global
	GlobalSection(SolutionConfigurationPlatforms) = preSolution
		Debug|Any CPU = Debug|Any CPU
		Release|Any CPU = Release|Any CPU
	EndGlobalSection
	GlobalSection(ProjectConfigurationPlatforms) = postSolution
		{82C15B6F-19BF-4E12-87C4-F2798902D25D}.Debug|Any CPU.ActiveCfg = Debug|Any CPU
		{82C15B6F-19BF-4E12-87C4-F2798902D25D}.Debug|Any CPU.Build.0 = Debug|Any CPU
		{82C15B6F-19BF-4E12-87C4-F2798902D25D}.Release|Any CPU.ActiveCfg = Release|Any CPU
		{82C15B6F-19BF-4E12-87C4-F2798902D25D}.Release|Any CPU.Build.0 = Release|Any CPU
		{7A1680E7-7FA0-49CC-A29B-92035E075B0C}.Debug|Any CPU.ActiveCfg = Debug|Any CPU
		{7A1680E7-7FA0-49CC-A29B-92035E075B0C}.Debug|Any CPU.Build.0 = Debug|Any CPU
		{7A1680E7-7FA0-49CC-A29B-92035E075B0C}.Release|Any CPU.ActiveCfg = Release|Any CPU
		{7A1680E7-7FA0-49CC-A29B-92035E075B0C}.Release|Any CPU.Build.0 = Release|Any CPU
		{80BC0D23-581C-47DA-BAB0-FB4F45BCDC10}.Debug|Any CPU.ActiveCfg = Debug|Any CPU
		{80BC0D23-581C-47DA-BAB0-FB4F45BCDC10}.Debug|Any CPU.Build.0 = Debug|Any CPU
		{80BC0D23-581C-47DA-BAB0-FB4F45BCDC10}.Release|Any CPU.ActiveCfg = Release|Any CPU
		{80BC0D23-581C-47DA-BAB0-FB4F45BCDC10}.Release|Any CPU.Build.0 = Release|Any CPU
		{EBB2ED0C-017C-468C-9BBA-5DA8B91137F5}.Debug|Any CPU.ActiveCfg = Debug|Any CPU
		{EBB2ED0C-017C-468C-9BBA-5DA8B91137F5}.Debug|Any CPU.Build.0 = Debug|Any CPU
		{EBB2ED0C-017C-468C-9BBA-5DA8B91137F5}.Release|Any CPU.ActiveCfg = Release|Any CPU
		{EBB2ED0C-017C-468C-9BBA-5DA8B91137F5}.Release|Any CPU.Build.0 = Release|Any CPU
		{0E2B05C9-2331-4888-9F39-65F83320D653}.Debug|Any CPU.ActiveCfg = Debug|Any CPU
		{0E2B05C9-2331-4888-9F39-65F83320D653}.Debug|Any CPU.Build.0 = Debug|Any CPU
		{0E2B05C9-2331-4888-9F39-65F83320D653}.Release|Any CPU.ActiveCfg = Release|Any CPU
		{0E2B05C9-2331-4888-9F39-65F83320D653}.Release|Any CPU.Build.0 = Release|Any CPU
	EndGlobalSection
	GlobalSection(SolutionProperties) = preSolution
		HideSolutionNode = FALSE
	EndGlobalSection
EndGlobal
